
Microsoft Visual Studio Solution File, Format Version 12.00
# Visual Studio Version 16
VisualStudioVersion = 16.0.31112.23
MinimumVisualStudioVersion = 10.0.40219.1
Project("{9A19103F-16F7-4668-BE54-9A1E7A4F7556}") = "AzureTableStorage", "AzureTableStorage\AzureTableStorage.csproj", "{BA09501A-115F-4B43-B55F-9B3315FCF0B0}"
EndProject
Project("{FAE04EC0-301F-11D3-BF4B-00C04F79EFBC}") = "NewAzureTableStorage", "NewAzureTableStorage\NewAzureTableStorage.csproj", "{11FE776D-84A9-489B-B38D-09793E166148}"
EndProject
Global
	GlobalSection(SolutionConfigurationPlatforms) = preSolution
		Debug|Any CPU = Debug|Any CPU
		Release|Any CPU = Release|Any CPU
	EndGlobalSection
	GlobalSection(ProjectConfigurationPlatforms) = postSolution
		{BA09501A-115F-4B43-B55F-9B3315FCF0B0}.Debug|Any CPU.ActiveCfg = Debug|Any CPU
		{BA09501A-115F-4B43-B55F-9B3315FCF0B0}.Debug|Any CPU.Build.0 = Debug|Any CPU
		{BA09501A-115F-4B43-B55F-9B3315FCF0B0}.Release|Any CPU.ActiveCfg = Release|Any CPU
		{BA09501A-115F-4B43-B55F-9B3315FCF0B0}.Release|Any CPU.Build.0 = Release|Any CPU
		{11FE776D-84A9-489B-B38D-09793E166148}.Debug|Any CPU.ActiveCfg = Debug|Any CPU
		{11FE776D-84A9-489B-B38D-09793E166148}.Debug|Any CPU.Build.0 = Debug|Any CPU
		{11FE776D-84A9-489B-B38D-09793E166148}.Release|Any CPU.ActiveCfg = Release|Any CPU
		{11FE776D-84A9-489B-B38D-09793E166148}.Release|Any CPU.Build.0 = Release|Any CPU
	EndGlobalSection
	GlobalSection(SolutionProperties) = preSolution
		HideSolutionNode = FALSE
	EndGlobalSection
	GlobalSection(ExtensibilityGlobals) = postSolution
		SolutionGuid = {B10BB860-BA98-4A26-8231-C7D43406DA6A}
	EndGlobalSection
EndGlobal
